
Microsoft Visual Studio Solution File, Format Version 12.00
# Visual Studio Version 17
VisualStudioVersion = 17.1.32328.378
MinimumVisualStudioVersion = 10.0.40219.1
Project("{FAE04EC0-301F-11D3-BF4B-00C04F79EFBC}") = "UTM-marker", "UTM-marker\UTM-marker.csproj", "{4A027C41-EBB6-4CDB-BF5E-8E6DC1D15113}"
EndProject
Global
	GlobalSection(SolutionConfigurationPlatforms) = preSolution
		Debug|Any CPU = Debug|Any CPU
		Release|Any CPU = Release|Any CPU
	EndGlobalSection
	GlobalSection(ProjectConfigurationPlatforms) = postSolution
		{4A027C41-EBB6-4CDB-BF5E-8E6DC1D15113}.Debug|Any CPU.ActiveCfg = Debug|Any CPU
		{4A027C41-EBB6-4CDB-BF5E-8E6DC1D15113}.Debug|Any CPU.Build.0 = Debug|Any CPU
		{4A027C41-EBB6-4CDB-BF5E-8E6DC1D15113}.Release|Any CPU.ActiveCfg = Release|Any CPU
		{4A027C41-EBB6-4CDB-BF5E-8E6DC1D15113}.Release|Any CPU.Build.0 = Release|Any CPU
	EndGlobalSection
	GlobalSection(SolutionProperties) = preSolution
		HideSolutionNode = FALSE
	EndGlobalSection
	GlobalSection(ExtensibilityGlobals) = postSolution
		SolutionGuid = {62078218-7083-426E-958F-2D011513D4B2}
	EndGlobalSection
EndGlobal
